
Microsoft Visual Studio Solution File, Format Version 12.00
# Visual Studio Version 17
VisualStudioVersion = 17.9.34607.119
MinimumVisualStudioVersion = 10.0.40219.1
Project("{FAE04EC0-301F-11D3-BF4B-00C04F79EFBC}") = "PARCIAL1A", "PARCIAL1A\PARCIAL1A.csproj", "{D02D8D15-4F43-4DCD-9126-7870BA8C008B}"
EndProject
Global
	GlobalSection(SolutionConfigurationPlatforms) = preSolution
		Debug|Any CPU = Debug|Any CPU
		Release|Any CPU = Release|Any CPU
	EndGlobalSection
	GlobalSection(ProjectConfigurationPlatforms) = postSolution
		{D02D8D15-4F43-4DCD-9126-7870BA8C008B}.Debug|Any CPU.ActiveCfg = Debug|Any CPU
		{D02D8D15-4F43-4DCD-9126-7870BA8C008B}.Debug|Any CPU.Build.0 = Debug|Any CPU
		{D02D8D15-4F43-4DCD-9126-7870BA8C008B}.Release|Any CPU.ActiveCfg = Release|Any CPU
		{D02D8D15-4F43-4DCD-9126-7870BA8C008B}.Release|Any CPU.Build.0 = Release|Any CPU
	EndGlobalSection
	GlobalSection(SolutionProperties) = preSolution
		HideSolutionNode = FALSE
	EndGlobalSection
	GlobalSection(ExtensibilityGlobals) = postSolution
		SolutionGuid = {558B6DAE-6759-4D91-841A-EB606CACF21B}
	EndGlobalSection
EndGlobal
